PODS:
  - ActiveLabel (1.1.0)
  - Alamofire (5.4.4)
  - HandyJSON (5.0.2)
  - JXSegmentedView (1.2.7)
  - Kingfisher (7.6.2)
  - KingfisherWebP (1.4.0):
    - Kingfisher (~> 7.0)
    - libwebp (>= 1.1.0)
  - libwebp (1.2.4):
    - libwebp/demux (= 1.2.4)
    - libwebp/mux (= 1.2.4)
    - libwebp/webp (= 1.2.4)
  - libwebp/demux (1.2.4):
    - libwebp/webp
  - libwebp/mux (1.2.4):
    - libwebp/demux
  - libwebp/webp (1.2.4)
  - LKCore (0.1.0):
    - LKCore/LKFoundation (= 0.1.0)
    - LKCore/LKKit (= 0.1.0)
  - LKCore/LKFoundation (0.1.0):
    - LKCore/LKFoundation/LKMedia (= 0.1.0)
    - LKCore/LKFoundation/LKNetWork (= 0.1.0)
    - LKCore/LKFoundation/LKValidateRegex (= 0.1.0)
    - LKCore/LKFoundation/NameSpace (= 0.1.0)
  - LKCore/LKFoundation/LKMedia (0.1.0):
    - LKCore/LKFoundation/NameSpace
    - ZLPhotoBrowser (= 4.1.7)
  - LKCore/LKFoundation/LKNetWork (0.1.0):
    - Alamofire (= 5.4.4)
    - HandyJSON (= 5.0.2)
    - LKCore/LKFoundation/NameSpace
    - RxCocoa (= 6.2.0)
    - RxSwift (= 6.2.0)
  - LKCore/LKFoundation/LKValidateRegex (0.1.0)
  - LKCore/LKFoundation/NameSpace (0.1.0):
    - Kingfisher (= 7.6.2)
    - KingfisherWebP (= 1.4.0)
  - LKCore/LKKit (0.1.0):
    - LKCore/LKKit/LKAlertView (= 0.1.0)
    - LKCore/LKKit/LKBaseViewController (= 0.1.0)
    - LKCore/LKKit/LKBottomButtonView (= 0.1.0)
    - LKCore/LKKit/LKBottomPopController (= 0.1.0)
    - LKCore/LKKit/LKButton (= 0.1.0)
    - LKCore/LKKit/LKCommon (= 0.1.0)
    - LKCore/LKKit/LKDotProgressView (= 0.1.0)
    - LKCore/LKKit/LKDropBoxView (= 0.1.0)
    - LKCore/LKKit/LKEmptyView (= 0.1.0)
    - LKCore/LKKit/LKFilterViewCell (= 0.1.0)
    - LKCore/LKKit/LKGrowTextView (= 0.1.0)
    - LKCore/LKKit/LKGuideView (= 0.1.0)
    - LKCore/LKKit/LKImageView (= 0.1.0)
    - LKCore/LKKit/LKLockSlider (= 0.1.0)
    - LKCore/LKKit/LKNavigationController (= 0.1.0)
    - LKCore/LKKit/LKNumberControl (= 0.1.0)
    - LKCore/LKKit/LKOmitTextView (= 0.1.0)
    - LKCore/LKKit/LKPickerView (= 0.1.0)
    - LKCore/LKKit/LKPopoverView (= 0.1.0)
    - LKCore/LKKit/LKPullToRefresh (= 0.1.0)
    - LKCore/LKKit/LKScrollView (= 0.1.0)
    - LKCore/LKKit/LKSegmentedView (= 0.1.0)
    - LKCore/LKKit/LKStarRateView (= 0.1.0)
    - LKCore/LKKit/LKStepView (= 0.1.0)
    - LKCore/LKKit/LKSwitch (= 0.1.0)
    - LKCore/LKKit/LKTextField (= 0.1.0)
    - LKCore/LKKit/LKTextViewCell (= 0.1.0)
    - LKCore/LKKit/LKToast (= 0.1.0)
  - LKCore/LKKit/LKAlertView (0.1.0):
    - LKCore/LKFoundation/NameSpace
    - LKCore/LKKit/LKButton
    - LKCore/LKKit/LKTextField
    - LKCore/LKKit/LKTextViewCell
    - RxCocoa (= 6.2.0)
    - RxSwift (= 6.2.0)
    - SnapKit (= 5.0.1)
  - LKCore/LKKit/LKBaseViewController (0.1.0):
    - LKCore/LKFoundation/NameSpace
  - LKCore/LKKit/LKBottomButtonView (0.1.0):
    - LKCore/LKFoundation/NameSpace
    - SnapKit (= 5.0.1)
  - LKCore/LKKit/LKBottomPopController (0.1.0):
    - LKCore/LKFoundation/NameSpace
    - LKCore/LKKit/LKBaseViewController
    - LKCore/LKKit/LKNavigationController
    - SnapKit (= 5.0.1)
  - LKCore/LKKit/LKButton (0.1.0):
    - LKCore/LKFoundation/NameSpace
    - SnapKit (= 5.0.1)
  - LKCore/LKKit/LKCommon (0.1.0):
    - LKCore/LKFoundation/NameSpace
  - LKCore/LKKit/LKDotProgressView (0.1.0):
    - LKCore/LKFoundation/NameSpace
    - SnapKit (= 5.0.1)
  - LKCore/LKKit/LKDropBoxView (0.1.0):
    - LKCore/LKFoundation/NameSpace
    - SnapKit (= 5.0.1)
  - LKCore/LKKit/LKEmptyView (0.1.0):
    - LKCore/LKFoundation/NameSpace
    - SnapKit (= 5.0.1)
  - LKCore/LKKit/LKFilterViewCell (0.1.0):
    - LKCore/LKFoundation/NameSpace
    - SnapKit (= 5.0.1)
  - LKCore/LKKit/LKGrowTextView (0.1.0):
    - LKCore/LKFoundation/NameSpace
    - SnapKit (= 5.0.1)
  - LKCore/LKKit/LKGuideView (0.1.0):
    - LKCore/LKFoundation/NameSpace
    - SnapKit (= 5.0.1)
  - LKCore/LKKit/LKImageView (0.1.0):
    - LKCore/LKFoundation/NameSpace
    - SnapKit (= 5.0.1)
  - LKCore/LKKit/LKLockSlider (0.1.0):
    - LKCore/LKFoundation/NameSpace
  - LKCore/LKKit/LKNavigationController (0.1.0):
    - LKCore/LKFoundation/NameSpace
    - RxCocoa
    - RxSwift
    - SnapKit (= 5.0.1)
  - LKCore/LKKit/LKNumberControl (0.1.0):
    - LKCore/LKFoundation/NameSpace
    - SnapKit (= 5.0.1)
  - LKCore/LKKit/LKOmitTextView (0.1.0):
    - SnapKit (= 5.0.1)
  - LKCore/LKKit/LKPickerView (0.1.0):
    - LKCore/LKFoundation/NameSpace
    - LKCore/LKKit/LKBottomPopController
    - SnapKit (= 5.0.1)
  - LKCore/LKKit/LKPopoverView (0.1.0):
    - ActiveLabel (= 1.1.0)
    - LKCore/LKFoundation/NameSpace
    - SnapKit (= 5.0.1)
  - LKCore/LKKit/LKPullToRefresh (0.1.0):
    - Kingfisher (= 7.6.2)
    - LKCore/LKFoundation/NameSpace
    - MJRefresh (= 3.7.5)
  - LKCore/LKKit/LKScrollView (0.1.0):
    - LKCore/LKFoundation/NameSpace
    - SnapKit (= 5.0.1)
  - LKCore/LKKit/LKSegmentedView (0.1.0):
    - JXSegmentedView (= 1.2.7)
    - LKCore/LKFoundation/NameSpace
    - SnapKit (= 5.0.1)
  - LKCore/LKKit/LKStarRateView (0.1.0):
    - LKCore/LKFoundation/NameSpace
    - RxCocoa (= 6.2.0)
    - RxSwift (= 6.2.0)
    - SnapKit (= 5.0.1)
  - LKCore/LKKit/LKStepView (0.1.0):
    - LKCore/LKFoundation/NameSpace
    - SnapKit (= 5.0.1)
  - LKCore/LKKit/LKSwitch (0.1.0):
    - LKCore/LKFoundation/NameSpace
    - SnapKit (= 5.0.1)
  - LKCore/LKKit/LKTextField (0.1.0):
    - LKCore/LKFoundation/NameSpace
    - RxCocoa (= 6.2.0)
    - RxSwift (= 6.2.0)
    - SnapKit (= 5.0.1)
  - LKCore/LKKit/LKTextViewCell (0.1.0):
    - LKCore/LKFoundation/LKValidateRegex
    - LKCore/LKFoundation/NameSpace
    - RxSwift (= 6.2.0)
    - SnapKit (= 5.0.1)
  - LKCore/LKKit/LKToast (0.1.0):
    - LKCore/LKFoundation/NameSpace
    - SnapKit (= 5.0.1)
  - MJRefresh (3.7.5)
  - RxCocoa (6.2.0):
    - RxRelay (= 6.2.0)
    - RxSwift (= 6.2.0)
  - RxRelay (6.2.0):
    - RxSwift (= 6.2.0)
  - RxSwift (6.2.0)
  - SnapKit (5.0.1)
  - ZLPhotoBrowser (4.1.7):
    - ZLPhotoBrowser/Core (= 4.1.7)
  - ZLPhotoBrowser/Core (4.1.7)

DEPENDENCIES:
  - LKCore (from `../`)

SPEC REPOS:
  trunk:
    - ActiveLabel
    - Alamofire
    - HandyJSON
    - JXSegmentedView
    - Kingfisher
    - KingfisherWebP
    - libwebp
    - MJRefresh
    - RxCocoa
    - RxRelay
    - RxSwift
    - SnapKit
    - ZLPhotoBrowser

EXTERNAL SOURCES:
  LKCore:
    :path: "../"

SPEC CHECKSUMS:
  ActiveLabel: 5e3f4de79a1952d4604b845a0610d4776e4b82b3
  Alamofire: f3b09a368f1582ab751b3fff5460276e0d2cf5c9
  HandyJSON: 9e4e236f5d2dbefad5155a77417bbea438201c03
  JXSegmentedView: eb1cad21f57c2543c00c3e08b8fd3c7ca54f5acd
  Kingfisher: 6c5449c6450c5239166510ba04afe374a98afc4f
  KingfisherWebP: f4b76064c50a36c4cadd37548496ecebfdcb39e8
  libwebp: f62cb61d0a484ba548448a4bd52aabf150ff6eef
  LKCore: 6fe5ebb61fd9740f99c9410a3fc1b6fe1ccfeb34
  MJRefresh: fdf5e979eb406a0341468932d1dfc8b7f9fce961
  RxCocoa: 4baf94bb35f2c0ab31bc0cb9f1900155f646ba42
  RxRelay: e72dbfd157807478401ef1982e1c61c945c94b2f
  RxSwift: d356ab7bee873611322f134c5f9ef379fa183d8f
  SnapKit: 97b92857e3df3a0c71833cce143274bf6ef8e5eb
  ZLPhotoBrowser: 8ea81aa5cbaaf8b97bf8830fed1b1f756a5e8894

PODFILE CHECKSUM: 3d023dd940f615174ac4fc3a411b3c2fa69777d4

COCOAPODS: 1.12.1
