// !$*UTF8*$!
{
	archiveVersion = 1;
	classes = {
	};
	objectVersion = 46;
	objects = {

/* Begin PBXBuildFile section */
		01D1CBFC2818E9290059D7DB /* TestWishlistsRequestViewController.swift in Sources */ = {isa = PBXBuildFile; fileRef = 01D1CBFB2818E9290059D7DB /* TestWishlistsRequestViewController.swift */; };
		01D1CBFE2818E9F50059D7DB /* WISH_API.swift in Sources */ = {isa = PBXBuildFile; fileRef = 01D1CBFD2818E9F50059D7DB /* WISH_API.swift */; };
		01D1CC00281919CE0059D7DB /* WishModel.swift in Sources */ = {isa = PBXBuildFile; fileRef = 01D1CBFF281919CE0059D7DB /* WishModel.swift */; };
		01FA229628193FF30027FF47 /* CPM_API.swift in Sources */ = {isa = PBXBuildFile; fileRef = 01FA229528193FF30027FF47 /* CPM_API.swift */; };
		01FA2298281940900027FF47 /* TestCPMRequestViewController.swift in Sources */ = {isa = PBXBuildFile; fileRef = 01FA2297281940900027FF47 /* TestCPMRequestViewController.swift */; };
		01FA229A281946030027FF47 /* CPMModel.swift in Sources */ = {isa = PBXBuildFile; fileRef = 01FA2299281946030027FF47 /* CPMModel.swift */; };
		4B82057C55412BDA1271BE5E /* Pods_MikCore_Example.framework in Frameworks */ = {isa = PBXBuildFile; fileRef = 30839BE197D789BAEDECE89A /* Pods_MikCore_Example.framework */; };
		530FD60F2819067C00EBC52C /* MIK_API.swift in Sources */ = {isa = PBXBuildFile; fileRef = 530FD60E2819067C00EBC52C /* MIK_API.swift */; };
		530FD61128190FD700EBC52C /* TestMIKAPIViewController.swift in Sources */ = {isa = PBXBuildFile; fileRef = 530FD61028190FD700EBC52C /* TestMIKAPIViewController.swift */; };
		530FD6172819398A00EBC52C /* NetworkTestUtils.swift in Sources */ = {isa = PBXBuildFile; fileRef = 530FD6162819398A00EBC52C /* NetworkTestUtils.swift */; };
		530FD625281A694A00EBC52C /* QA_API.swift in Sources */ = {isa = PBXBuildFile; fileRef = 530FD624281A694A00EBC52C /* QA_API.swift */; };
		530FD627281A76DF00EBC52C /* TestQAAPIViewController.swift in Sources */ = {isa = PBXBuildFile; fileRef = 530FD626281A76DF00EBC52C /* TestQAAPIViewController.swift */; };
		530FD629281A827500EBC52C /* TestAPIsViewController.swift in Sources */ = {isa = PBXBuildFile; fileRef = 530FD628281A827500EBC52C /* TestAPIsViewController.swift */; };
		53A8862427F1575300872157 /* TestPopupHoverViewController.swift in Sources */ = {isa = PBXBuildFile; fileRef = 53A8862327F1575300872157 /* TestPopupHoverViewController.swift */; };
		607FACD61AFB9204008FA782 /* AppDelegate.swift in Sources */ = {isa = PBXBuildFile; fileRef = 607FACD51AFB9204008FA782 /* AppDelegate.swift */; };
		607FACDD1AFB9204008FA782 /* Images.xcassets in Resources */ = {isa = PBXBuildFile; fileRef = 607FACDC1AFB9204008FA782 /* Images.xcassets */; };
		607FACE01AFB9204008FA782 /* LaunchScreen.xib in Resources */ = {isa = PBXBuildFile; fileRef = 607FACDE1AFB9204008FA782 /* LaunchScreen.xib */; };
		607FACEC1AFB9204008FA782 /* Tests.swift in Sources */ = {isa = PBXBuildFile; fileRef = 607FACEB1AFB9204008FA782 /* Tests.swift */; };
		91931198939C86A352A67B52 /* Pods_MikCore_Tests.framework in Frameworks */ = {isa = PBXBuildFile; fileRef = 952CB6D91A8CE2BE933B1455 /* Pods_MikCore_Tests.framework */; };
		CE681F7C27A2284E008FC826 /* MikSwitchViewController.swift in Sources */ = {isa = PBXBuildFile; fileRef = CE681F4227A2284D008FC826 /* MikSwitchViewController.swift */; };
		CE681F7D27A2284E008FC826 /* MikNumberControlViewController.swift in Sources */ = {isa = PBXBuildFile; fileRef = CE681F4327A2284D008FC826 /* MikNumberControlViewController.swift */; };
		CE681F7E27A2284E008FC826 /* MikEmptyViewController.swift in Sources */ = {isa = PBXBuildFile; fileRef = CE681F4427A2284D008FC826 /* MikEmptyViewController.swift */; };
		CE681F7F27A2284E008FC826 /* MikStarsViewViewController.swift in Sources */ = {isa = PBXBuildFile; fileRef = CE681F4527A2284D008FC826 /* MikStarsViewViewController.swift */; };
		CE681F8027A2284E008FC826 /* TestCalendarStyleViewController.swift in Sources */ = {isa = PBXBuildFile; fileRef = CE681F4627A2284D008FC826 /* TestCalendarStyleViewController.swift */; };
		CE681F8127A2284E008FC826 /* TestListContraintsViewController.swift in Sources */ = {isa = PBXBuildFile; fileRef = CE681F4727A2284D008FC826 /* TestListContraintsViewController.swift */; };
		CE681F8227A2284E008FC826 /* MikAlertViewViewController.swift in Sources */ = {isa = PBXBuildFile; fileRef = CE681F4827A2284D008FC826 /* MikAlertViewViewController.swift */; };
		CE681F8327A2284E008FC826 /* MikTextFieldFormatterViewViewController.swift in Sources */ = {isa = PBXBuildFile; fileRef = CE681F4927A2284D008FC826 /* MikTextFieldFormatterViewViewController.swift */; };
		CE681F8427A2284E008FC826 /* MikImageViewViewController.swift in Sources */ = {isa = PBXBuildFile; fileRef = CE681F4A27A2284D008FC826 /* MikImageViewViewController.swift */; };
		CE681F8527A2284E008FC826 /* MikLockSliderViewController.swift in Sources */ = {isa = PBXBuildFile; fileRef = CE681F4B27A2284D008FC826 /* MikLockSliderViewController.swift */; };
		CE681F8627A2284E008FC826 /* MikDotProgressViewViewController.swift in Sources */ = {isa = PBXBuildFile; fileRef = CE681F4C27A2284D008FC826 /* MikDotProgressViewViewController.swift */; };
		CE681F8727A2284E008FC826 /* MikToastViewController.swift in Sources */ = {isa = PBXBuildFile; fileRef = CE681F4D27A2284D008FC826 /* MikToastViewController.swift */; };
		CE681F8827A2284E008FC826 /* MikPopoverViewViewController.swift in Sources */ = {isa = PBXBuildFile; fileRef = CE681F4E27A2284D008FC826 /* MikPopoverViewViewController.swift */; };
		CE681F8927A2284E008FC826 /* MikCalendarViewController.swift in Sources */ = {isa = PBXBuildFile; fileRef = CE681F4F27A2284D008FC826 /* MikCalendarViewController.swift */; };
		CE681F8A27A2284E008FC826 /* MikGrowTextViewViewController.swift in Sources */ = {isa = PBXBuildFile; fileRef = CE681F5027A2284D008FC826 /* MikGrowTextViewViewController.swift */; };
		CE681F8B27A2284E008FC826 /* MikPickerTestViewController.swift in Sources */ = {isa = PBXBuildFile; fileRef = CE681F5127A2284D008FC826 /* MikPickerTestViewController.swift */; };
		CE681F8C27A2284E008FC826 /* MikButtonViewController.swift in Sources */ = {isa = PBXBuildFile; fileRef = CE681F5227A2284D008FC826 /* MikButtonViewController.swift */; };
		CE681F8D27A2284E008FC826 /* MikListContainerViewController.swift in Sources */ = {isa = PBXBuildFile; fileRef = CE681F5327A2284D008FC826 /* MikListContainerViewController.swift */; };
		CE681F8E27A2284E008FC826 /* BottomButtonViewController.swift in Sources */ = {isa = PBXBuildFile; fileRef = CE681F5527A2284D008FC826 /* BottomButtonViewController.swift */; };
		CE681F8F27A2284E008FC826 /* DropBoxViewController.swift in Sources */ = {isa = PBXBuildFile; fileRef = CE681F5627A2284D008FC826 /* DropBoxViewController.swift */; };
		CE681F9027A2284E008FC826 /* StepViewController.swift in Sources */ = {isa = PBXBuildFile; fileRef = CE681F5727A2284D008FC826 /* StepViewController.swift */; };
		CE681F9127A2284E008FC826 /* BottomPopController.swift in Sources */ = {isa = PBXBuildFile; fileRef = CE681F5827A2284D008FC826 /* BottomPopController.swift */; };
		CE681F9227A2284E008FC826 /* StarViewController.swift in Sources */ = {isa = PBXBuildFile; fileRef = CE681F5927A2284D008FC826 /* StarViewController.swift */; };
		CE681F9327A2284E008FC826 /* TestViewController.swift in Sources */ = {isa = PBXBuildFile; fileRef = CE681F5A27A2284D008FC826 /* TestViewController.swift */; };
		CE681F9427A2284E008FC826 /* TestThreeViewController.swift in Sources */ = {isa = PBXBuildFile; fileRef = CE681F5B27A2284D008FC826 /* TestThreeViewController.swift */; };
		CE681F9527A2284E008FC826 /* MikOmitTextViewController.swift in Sources */ = {isa = PBXBuildFile; fileRef = CE681F5C27A2284D008FC826 /* MikOmitTextViewController.swift */; };
		CE681F9627A2284E008FC826 /* RefreshTableViewController.swift in Sources */ = {isa = PBXBuildFile; fileRef = CE681F5D27A2284D008FC826 /* RefreshTableViewController.swift */; };
		CE681F9727A2284E008FC826 /* MikFilterViewController.swift in Sources */ = {isa = PBXBuildFile; fileRef = CE681F5E27A2284D008FC826 /* MikFilterViewController.swift */; };
		CE681F9827A2284E008FC826 /* TextViewController.swift in Sources */ = {isa = PBXBuildFile; fileRef = CE681F5F27A2284D008FC826 /* TextViewController.swift */; };
		CE681F9927A2284E008FC826 /* GuideViewController.swift in Sources */ = {isa = PBXBuildFile; fileRef = CE681F6027A2284D008FC826 /* GuideViewController.swift */; };
		CE681F9A27A2284E008FC826 /* TestTwoViewController.swift in Sources */ = {isa = PBXBuildFile; fileRef = CE681F6127A2284D008FC826 /* TestTwoViewController.swift */; };
		CE681F9B27A2284E008FC826 /* Test1ViewController.swift in Sources */ = {isa = PBXBuildFile; fileRef = CE681F6227A2284D008FC826 /* Test1ViewController.swift */; };
		CE681F9C27A2284E008FC826 /* MikTabBarController.swift in Sources */ = {isa = PBXBuildFile; fileRef = CE681F6427A2284E008FC826 /* MikTabBarController.swift */; };
		CE681F9D27A2284E008FC826 /* Test0ViewController.swift in Sources */ = {isa = PBXBuildFile; fileRef = CE681F6527A2284E008FC826 /* Test0ViewController.swift */; };
		CE7391222812B16C008A3446 /* GetPublickKeyModel.swift in Sources */ = {isa = PBXBuildFile; fileRef = CE7391212812B16C008A3446 /* GetPublickKeyModel.swift */; };
		CE73912A2817CA16008A3446 /* FIN_API.swift in Sources */ = {isa = PBXBuildFile; fileRef = CE7391292817CA16008A3446 /* FIN_API.swift */; };
		CE73912C2817D82F008A3446 /* SearchReturnBuyerListModel.swift in Sources */ = {isa = PBXBuildFile; fileRef = CE73912B2817D82F008A3446 /* SearchReturnBuyerListModel.swift */; };
		CE73912E2817DE90008A3446 /* MOH_RSC_API.swift in Sources */ = {isa = PBXBuildFile; fileRef = CE73912D2817DE90008A3446 /* MOH_RSC_API.swift */; };
		CE7391322817ECE7008A3446 /* WalletBankcardListModel.swift in Sources */ = {isa = PBXBuildFile; fileRef = CE7391312817ECE7008A3446 /* WalletBankcardListModel.swift */; };
		CE7391342817EEE6008A3446 /* WalletBankcardIdModel.swift in Sources */ = {isa = PBXBuildFile; fileRef = CE7391332817EEE6008A3446 /* WalletBankcardIdModel.swift */; };
		CE7391362817F14F008A3446 /* WalletUpdateRequestModel.swift in Sources */ = {isa = PBXBuildFile; fileRef = CE7391352817F14F008A3446 /* WalletUpdateRequestModel.swift */; };
		CE73913A2818D6DF008A3446 /* GiftCardModel.swift in Sources */ = {isa = PBXBuildFile; fileRef = CE7391392818D6DF008A3446 /* GiftCardModel.swift */; };
		CE73913C28190EA9008A3446 /* FGM_API.swift in Sources */ = {isa = PBXBuildFile; fileRef = CE73913B28190EA9008A3446 /* FGM_API.swift */; };
		CE73913E28193A35008A3446 /* MoreProductModel.swift in Sources */ = {isa = PBXBuildFile; fileRef = CE73913D28193A35008A3446 /* MoreProductModel.swift */; };
		CE8F78E92818F1B800BD5DF5 /* TestSchHTTPManagerViewController.swift in Sources */ = {isa = PBXBuildFile; fileRef = CE8F78E82818F1B800BD5DF5 /* TestSchHTTPManagerViewController.swift */; };
		CE8F78EB2818F1F300BD5DF5 /* SCH_API.swift in Sources */ = {isa = PBXBuildFile; fileRef = CE8F78EA2818F1F300BD5DF5 /* SCH_API.swift */; };
		CE8F78ED28192CFF00BD5DF5 /* CategoryLandingModel.swift in Sources */ = {isa = PBXBuildFile; fileRef = CE8F78EC28192CFF00BD5DF5 /* CategoryLandingModel.swift */; };
		CE8F78EF2819325000BD5DF5 /* MenuNavTreeModel.swift in Sources */ = {isa = PBXBuildFile; fileRef = CE8F78EE2819325000BD5DF5 /* MenuNavTreeModel.swift */; };
		CE8F78F1281936B900BD5DF5 /* MichaelsProductModel.swift in Sources */ = {isa = PBXBuildFile; fileRef = CE8F78F0281936B900BD5DF5 /* MichaelsProductModel.swift */; };
		CE8F78F328193CA300BD5DF5 /* MichaelsSkuModel.swift in Sources */ = {isa = PBXBuildFile; fileRef = CE8F78F228193CA300BD5DF5 /* MichaelsSkuModel.swift */; };
		CE8F78F5281951E500BD5DF5 /* MichaelsStoreModel.swift in Sources */ = {isa = PBXBuildFile; fileRef = CE8F78F4281951E500BD5DF5 /* MichaelsStoreModel.swift */; };
		CE9C38A42806AF80008BD948 /* TestHTTPManagerViewController.swift in Sources */ = {isa = PBXBuildFile; fileRef = CE9C38A32806AF80008BD948 /* TestHTTPManagerViewController.swift */; };
		CE9C38A62806D1DD008BD948 /* PUBTOOL_API.swift in Sources */ = {isa = PBXBuildFile; fileRef = CE9C38A52806D1DD008BD948 /* PUBTOOL_API.swift */; };
		CECCC42127BDDB95005F322B /* TestLoggerAsync.swift in Sources */ = {isa = PBXBuildFile; fileRef = CECCC42027BDDB95005F322B /* TestLoggerAsync.swift */; };
		CED471C82809BC2000A08303 /* USR_API.swift in Sources */ = {isa = PBXBuildFile; fileRef = CED471C72809BC2000A08303 /* USR_API.swift */; };
		CED4F34928239E21001E8ECB /* CMS_API.swift in Sources */ = {isa = PBXBuildFile; fileRef = CED4F34828239E21001E8ECB /* CMS_API.swift */; };
/* End PBXBuildFile section */

/* Begin PBXContainerItemProxy section */
		607FACE61AFB9204008FA782 /* PBXContainerItemProxy */ = {
			isa = PBXContainerItemProxy;
			containerPortal = 607FACC81AFB9204008FA782 /* Project object */;
			proxyType = 1;
			remoteGlobalIDString = 607FACCF1AFB9204008FA782;
			remoteInfo = MikCore;
		};
/* End PBXContainerItemProxy section */

/* Begin PBXFileReference section */
		01D1CBFB2818E9290059D7DB /* TestWishlistsRequestViewController.swift */ = {isa = PBXFileReference; lastKnownFileType = sourcecode.swift; path = TestWishlistsRequestViewController.swift; sourceTree = "<group>"; };
		01D1CBFD2818E9F50059D7DB /* WISH_API.swift */ = {isa = PBXFileReference; lastKnownFileType = sourcecode.swift; path = WISH_API.swift; sourceTree = "<group>"; };
		01D1CBFF281919CE0059D7DB /* WishModel.swift */ = {isa = PBXFileReference; lastKnownFileType = sourcecode.swift; path = WishModel.swift; sourceTree = "<group>"; };
		01FA229528193FF30027FF47 /* CPM_API.swift */ = {isa = PBXFileReference; fileEncoding = 4; lastKnownFileType = sourcecode.swift; path = CPM_API.swift; sourceTree = "<group>"; };
		01FA2297281940900027FF47 /* TestCPMRequestViewController.swift */ = {isa = PBXFileReference; fileEncoding = 4; lastKnownFileType = sourcecode.swift; path = TestCPMRequestViewController.swift; sourceTree = "<group>"; };
		01FA2299281946030027FF47 /* CPMModel.swift */ = {isa = PBXFileReference; lastKnownFileType = sourcecode.swift; path = CPMModel.swift; sourceTree = "<group>"; };
		24243CFB5673E57CE07855D4 /* Pods-MikCore_Tests.release.xcconfig */ = {isa = PBXFileReference; includeInIndex = 1; lastKnownFileType = text.xcconfig; name = "Pods-MikCore_Tests.release.xcconfig"; path = "Target Support Files/Pods-MikCore_Tests/Pods-MikCore_Tests.release.xcconfig"; sourceTree = "<group>"; };
		24C268FB8210AFDF59431F54 /* Pods-MikCore_Example.release.xcconfig */ = {isa = PBXFileReference; includeInIndex = 1; lastKnownFileType = text.xcconfig; name = "Pods-MikCore_Example.release.xcconfig"; path = "Target Support Files/Pods-MikCore_Example/Pods-MikCore_Example.release.xcconfig"; sourceTree = "<group>"; };
		30839BE197D789BAEDECE89A /* Pods_MikCore_Example.framework */ = {isa = PBXFileReference; explicitFileType = wrapper.framework; includeInIndex = 0; path = Pods_MikCore_Example.framework; sourceTree = BUILT_PRODUCTS_DIR; };
		530FD60E2819067C00EBC52C /* MIK_API.swift */ = {isa = PBXFileReference; lastKnownFileType = sourcecode.swift; path = MIK_API.swift; sourceTree = "<group>"; };
		530FD61028190FD700EBC52C /* TestMIKAPIViewController.swift */ = {isa = PBXFileReference; lastKnownFileType = sourcecode.swift; path = TestMIKAPIViewController.swift; sourceTree = "<group>"; };
		530FD6162819398A00EBC52C /* NetworkTestUtils.swift */ = {isa = PBXFileReference; lastKnownFileType = sourcecode.swift; path = NetworkTestUtils.swift; sourceTree = "<group>"; };
		530FD624281A694A00EBC52C /* QA_API.swift */ = {isa = PBXFileReference; lastKnownFileType = sourcecode.swift; path = QA_API.swift; sourceTree = "<group>"; };
		530FD626281A76DF00EBC52C /* TestQAAPIViewController.swift */ = {isa = PBXFileReference; lastKnownFileType = sourcecode.swift; path = TestQAAPIViewController.swift; sourceTree = "<group>"; };
		530FD628281A827500EBC52C /* TestAPIsViewController.swift */ = {isa = PBXFileReference; lastKnownFileType = sourcecode.swift; path = TestAPIsViewController.swift; sourceTree = "<group>"; };
		53A8862327F1575300872157 /* TestPopupHoverViewController.swift */ = {isa = PBXFileReference; lastKnownFileType = sourcecode.swift; path = TestPopupHoverViewController.swift; sourceTree = "<group>"; };
		5C14FA855F2EE3EB6C28E484 /* Pods-MikCore_Example.debug.xcconfig */ = {isa = PBXFileReference; includeInIndex = 1; lastKnownFileType = text.xcconfig; name = "Pods-MikCore_Example.debug.xcconfig"; path = "Target Support Files/Pods-MikCore_Example/Pods-MikCore_Example.debug.xcconfig"; sourceTree = "<group>"; };
		607FACD01AFB9204008FA782 /* MikCore_Example.app */ = {isa = PBXFileReference; explicitFileType = wrapper.application; includeInIndex = 0; path = MikCore_Example.app; sourceTree = BUILT_PRODUCTS_DIR; };
		607FACD41AFB9204008FA782 /* Info.plist */ = {isa = PBXFileReference; lastKnownFileType = text.plist.xml; path = Info.plist; sourceTree = "<group>"; };
		607FACD51AFB9204008FA782 /* AppDelegate.swift */ = {isa = PBXFileReference; lastKnownFileType = sourcecode.swift; path = AppDelegate.swift; sourceTree = "<group>"; };
		607FACDC1AFB9204008FA782 /* Images.xcassets */ = {isa = PBXFileReference; lastKnownFileType = folder.assetcatalog; path = Images.xcassets; sourceTree = "<group>"; };
		607FACDF1AFB9204008FA782 /* Base */ = {isa = PBXFileReference; lastKnownFileType = file.xib; name = Base; path = Base.lproj/LaunchScreen.xib; sourceTree = "<group>"; };
		607FACE51AFB9204008FA782 /* MikCore_Tests.xctest */ = {isa = PBXFileReference; explicitFileType = wrapper.cfbundle; includeInIndex = 0; path = MikCore_Tests.xctest; sourceTree = BUILT_PRODUCTS_DIR; };
		607FACEA1AFB9204008FA782 /* Info.plist */ = {isa = PBXFileReference; lastKnownFileType = text.plist.xml; path = Info.plist; sourceTree = "<group>"; };
		607FACEB1AFB9204008FA782 /* Tests.swift */ = {isa = PBXFileReference; lastKnownFileType = sourcecode.swift; path = Tests.swift; sourceTree = "<group>"; };
		6BEC432B83DE64D04C08D77A /* MikCore.podspec */ = {isa = PBXFileReference; includeInIndex = 1; lastKnownFileType = text; name = MikCore.podspec; path = ../MikCore.podspec; sourceTree = "<group>"; xcLanguageSpecificationIdentifier = xcode.lang.ruby; };
		7B333C5C5AAF72CC8083CB50 /* README.md */ = {isa = PBXFileReference; includeInIndex = 1; lastKnownFileType = net.daringfireball.markdown; name = README.md; path = ../README.md; sourceTree = "<group>"; };
		952CB6D91A8CE2BE933B1455 /* Pods_MikCore_Tests.framework */ = {isa = PBXFileReference; explicitFileType = wrapper.framework; includeInIndex = 0; path = Pods_MikCore_Tests.framework; sourceTree = BUILT_PRODUCTS_DIR; };
		AC31769154BC348E6D3C6764 /* Pods-MikCore_Tests.debug.xcconfig */ = {isa = PBXFileReference; includeInIndex = 1; lastKnownFileType = text.xcconfig; name = "Pods-MikCore_Tests.debug.xcconfig"; path = "Target Support Files/Pods-MikCore_Tests/Pods-MikCore_Tests.debug.xcconfig"; sourceTree = "<group>"; };
		CE681F4227A2284D008FC826 /* MikSwitchViewController.swift */ = {isa = PBXFileReference; fileEncoding = 4; lastKnownFileType = sourcecode.swift; path = MikSwitchViewController.swift; sourceTree = "<group>"; };
		CE681F4327A2284D008FC826 /* MikNumberControlViewController.swift */ = {isa = PBXFileReference; fileEncoding = 4; lastKnownFileType = sourcecode.swift; path = MikNumberControlViewController.swift; sourceTree = "<group>"; };
		CE681F4427A2284D008FC826 /* MikEmptyViewController.swift */ = {isa = PBXFileReference; fileEncoding = 4; lastKnownFileType = sourcecode.swift; path = MikEmptyViewController.swift; sourceTree = "<group>"; };
		CE681F4527A2284D008FC826 /* MikStarsViewViewController.swift */ = {isa = PBXFileReference; fileEncoding = 4; lastKnownFileType = sourcecode.swift; path = MikStarsViewViewController.swift; sourceTree = "<group>"; };
		CE681F4627A2284D008FC826 /* TestCalendarStyleViewController.swift */ = {isa = PBXFileReference; fileEncoding = 4; lastKnownFileType = sourcecode.swift; path = TestCalendarStyleViewController.swift; sourceTree = "<group>"; };
		CE681F4727A2284D008FC826 /* TestListContraintsViewController.swift */ = {isa = PBXFileReference; fileEncoding = 4; lastKnownFileType = sourcecode.swift; path = TestListContraintsViewController.swift; sourceTree = "<group>"; };
		CE681F4827A2284D008FC826 /* MikAlertViewViewController.swift */ = {isa = PBXFileReference; fileEncoding = 4; lastKnownFileType = sourcecode.swift; path = MikAlertViewViewController.swift; sourceTree = "<group>"; };
		CE681F4927A2284D008FC826 /* MikTextFieldFormatterViewViewController.swift */ = {isa = PBXFileReference; fileEncoding = 4; lastKnownFileType = sourcecode.swift; path = MikTextFieldFormatterViewViewController.swift; sourceTree = "<group>"; };
		CE681F4A27A2284D008FC826 /* MikImageViewViewController.swift */ = {isa = PBXFileReference; fileEncoding = 4; lastKnownFileType = sourcecode.swift; path = MikImageViewViewController.swift; sourceTree = "<group>"; };
		CE681F4B27A2284D008FC826 /* MikLockSliderViewController.swift */ = {isa = PBXFileReference; fileEncoding = 4; lastKnownFileType = sourcecode.swift; path = MikLockSliderViewController.swift; sourceTree = "<group>"; };
		CE681F4C27A2284D008FC826 /* MikDotProgressViewViewController.swift */ = {isa = PBXFileReference; fileEncoding = 4; lastKnownFileType = sourcecode.swift; path = MikDotProgressViewViewController.swift; sourceTree = "<group>"; };
		CE681F4D27A2284D008FC826 /* MikToastViewController.swift */ = {isa = PBXFileReference; fileEncoding = 4; lastKnownFileType = sourcecode.swift; path = MikToastViewController.swift; sourceTree = "<group>"; };
		CE681F4E27A2284D008FC826 /* MikPopoverViewViewController.swift */ = {isa = PBXFileReference; fileEncoding = 4; lastKnownFileType = sourcecode.swift; path = MikPopoverViewViewController.swift; sourceTree = "<group>"; };
		CE681F4F27A2284D008FC826 /* MikCalendarViewController.swift */ = {isa = PBXFileReference; fileEncoding = 4; lastKnownFileType = sourcecode.swift; path = MikCalendarViewController.swift; sourceTree = "<group>"; };
		CE681F5027A2284D008FC826 /* MikGrowTextViewViewController.swift */ = {isa = PBXFileReference; fileEncoding = 4; lastKnownFileType = sourcecode.swift; path = MikGrowTextViewViewController.swift; sourceTree = "<group>"; };
		CE681F5127A2284D008FC826 /* MikPickerTestViewController.swift */ = {isa = PBXFileReference; fileEncoding = 4; lastKnownFileType = sourcecode.swift; path = MikPickerTestViewController.swift; sourceTree = "<group>"; };
		CE681F5227A2284D008FC826 /* MikButtonViewController.swift */ = {isa = PBXFileReference; fileEncoding = 4; lastKnownFileType = sourcecode.swift; path = MikButtonViewController.swift; sourceTree = "<group>"; };
		CE681F5327A2284D008FC826 /* MikListContainerViewController.swift */ = {isa = PBXFileReference; fileEncoding = 4; lastKnownFileType = sourcecode.swift; path = MikListContainerViewController.swift; sourceTree = "<group>"; };
		CE681F5527A2284D008FC826 /* BottomButtonViewController.swift */ = {isa = PBXFileReference; fileEncoding = 4; lastKnownFileType = sourcecode.swift; path = BottomButtonViewController.swift; sourceTree = "<group>"; };
		CE681F5627A2284D008FC826 /* DropBoxViewController.swift */ = {isa = PBXFileReference; fileEncoding = 4; lastKnownFileType = sourcecode.swift; path = DropBoxViewController.swift; sourceTree = "<group>"; };
		CE681F5727A2284D008FC826 /* StepViewController.swift */ = {isa = PBXFileReference; fileEncoding = 4; lastKnownFileType = sourcecode.swift; path = StepViewController.swift; sourceTree = "<group>"; };
		CE681F5827A2284D008FC826 /* BottomPopController.swift */ = {isa = PBXFileReference; fileEncoding = 4; lastKnownFileType = sourcecode.swift; path = BottomPopController.swift; sourceTree = "<group>"; };
		CE681F5927A2284D008FC826 /* StarViewController.swift */ = {isa = PBXFileReference; fileEncoding = 4; lastKnownFileType = sourcecode.swift; path = StarViewController.swift; sourceTree = "<group>"; };
		CE681F5A27A2284D008FC826 /* TestViewController.swift */ = {isa = PBXFileReference; fileEncoding = 4; lastKnownFileType = sourcecode.swift; path = TestViewController.swift; sourceTree = "<group>"; };
		CE681F5B27A2284D008FC826 /* TestThreeViewController.swift */ = {isa = PBXFileReference; fileEncoding = 4; lastKnownFileType = sourcecode.swift; path = TestThreeViewController.swift; sourceTree = "<group>"; };
		CE681F5C27A2284D008FC826 /* MikOmitTextViewController.swift */ = {isa = PBXFileReference; fileEncoding = 4; lastKnownFileType = sourcecode.swift; path = MikOmitTextViewController.swift; sourceTree = "<group>"; };
		CE681F5D27A2284D008FC826 /* RefreshTableViewController.swift */ = {isa = PBXFileReference; fileEncoding = 4; lastKnownFileType = sourcecode.swift; path = RefreshTableViewController.swift; sourceTree = "<group>"; };
		CE681F5E27A2284D008FC826 /* MikFilterViewController.swift */ = {isa = PBXFileReference; fileEncoding = 4; lastKnownFileType = sourcecode.swift; path = MikFilterViewController.swift; sourceTree = "<group>"; };
		CE681F5F27A2284D008FC826 /* TextViewController.swift */ = {isa = PBXFileReference; fileEncoding = 4; lastKnownFileType = sourcecode.swift; path = TextViewController.swift; sourceTree = "<group>"; };
		CE681F6027A2284D008FC826 /* GuideViewController.swift */ = {isa = PBXFileReference; fileEncoding = 4; lastKnownFileType = sourcecode.swift; path = GuideViewController.swift; sourceTree = "<group>"; };
		CE681F6127A2284D008FC826 /* TestTwoViewController.swift */ = {isa = PBXFileReference; fileEncoding = 4; lastKnownFileType = sourcecode.swift; path = TestTwoViewController.swift; sourceTree = "<group>"; };
		CE681F6227A2284D008FC826 /* Test1ViewController.swift */ = {isa = PBXFileReference; fileEncoding = 4; lastKnownFileType = sourcecode.swift; path = Test1ViewController.swift; sourceTree = "<group>"; };
		CE681F6427A2284E008FC826 /* MikTabBarController.swift */ = {isa = PBXFileReference; fileEncoding = 4; lastKnownFileType = sourcecode.swift; path = MikTabBarController.swift; sourceTree = "<group>"; };
		CE681F6527A2284E008FC826 /* Test0ViewController.swift */ = {isa = PBXFileReference; fileEncoding = 4; lastKnownFileType = sourcecode.swift; path = Test0ViewController.swift; sourceTree = "<group>"; };
		CE7391212812B16C008A3446 /* GetPublickKeyModel.swift */ = {isa = PBXFileReference; lastKnownFileType = sourcecode.swift; path = GetPublickKeyModel.swift; sourceTree = "<group>"; };
		CE7391292817CA16008A3446 /* FIN_API.swift */ = {isa = PBXFileReference; lastKnownFileType = sourcecode.swift; path = FIN_API.swift; sourceTree = "<group>"; };
		CE73912B2817D82F008A3446 /* SearchReturnBuyerListModel.swift */ = {isa = PBXFileReference; lastKnownFileType = sourcecode.swift; path = SearchReturnBuyerListModel.swift; sourceTree = "<group>"; };
		CE73912D2817DE90008A3446 /* MOH_RSC_API.swift */ = {isa = PBXFileReference; lastKnownFileType = sourcecode.swift; path = MOH_RSC_API.swift; sourceTree = "<group>"; };
		CE7391312817ECE7008A3446 /* WalletBankcardListModel.swift */ = {isa = PBXFileReference; lastKnownFileType = sourcecode.swift; path = WalletBankcardListModel.swift; sourceTree = "<group>"; };
		CE7391332817EEE6008A3446 /* WalletBankcardIdModel.swift */ = {isa = PBXFileReference; lastKnownFileType = sourcecode.swift; path = WalletBankcardIdModel.swift; sourceTree = "<group>"; };
		CE7391352817F14F008A3446 /* WalletUpdateRequestModel.swift */ = {isa = PBXFileReference; lastKnownFileType = sourcecode.swift; path = WalletUpdateRequestModel.swift; sourceTree = "<group>"; };
		CE7391392818D6DF008A3446 /* GiftCardModel.swift */ = {isa = PBXFileReference; lastKnownFileType = sourcecode.swift; path = GiftCardModel.swift; sourceTree = "<group>"; };
		CE73913B28190EA9008A3446 /* FGM_API.swift */ = {isa = PBXFileReference; lastKnownFileType = sourcecode.swift; path = FGM_API.swift; sourceTree = "<group>"; };
		CE73913D28193A35008A3446 /* MoreProductModel.swift */ = {isa = PBXFileReference; lastKnownFileType = sourcecode.swift; path = MoreProductModel.swift; sourceTree = "<group>"; };
		CE8F78E82818F1B800BD5DF5 /* TestSchHTTPManagerViewController.swift */ = {isa = PBXFileReference; lastKnownFileType = sourcecode.swift; path = TestSchHTTPManagerViewController.swift; sourceTree = "<group>"; };
		CE8F78EA2818F1F300BD5DF5 /* SCH_API.swift */ = {isa = PBXFileReference; lastKnownFileType = sourcecode.swift; path = SCH_API.swift; sourceTree = "<group>"; };
		CE8F78EC28192CFF00BD5DF5 /* CategoryLandingModel.swift */ = {isa = PBXFileReference; lastKnownFileType = sourcecode.swift; path = CategoryLandingModel.swift; sourceTree = "<group>"; };
		CE8F78EE2819325000BD5DF5 /* MenuNavTreeModel.swift */ = {isa = PBXFileReference; lastKnownFileType = sourcecode.swift; path = MenuNavTreeModel.swift; sourceTree = "<group>"; };
		CE8F78F0281936B900BD5DF5 /* MichaelsProductModel.swift */ = {isa = PBXFileReference; lastKnownFileType = sourcecode.swift; path = MichaelsProductModel.swift; sourceTree = "<group>"; };
		CE8F78F228193CA300BD5DF5 /* MichaelsSkuModel.swift */ = {isa = PBXFileReference; lastKnownFileType = sourcecode.swift; path = MichaelsSkuModel.swift; sourceTree = "<group>"; };
		CE8F78F4281951E500BD5DF5 /* MichaelsStoreModel.swift */ = {isa = PBXFileReference; lastKnownFileType = sourcecode.swift; path = MichaelsStoreModel.swift; sourceTree = "<group>"; };
		CE9C38A32806AF80008BD948 /* TestHTTPManagerViewController.swift */ = {isa = PBXFileReference; lastKnownFileType = sourcecode.swift; path = TestHTTPManagerViewController.swift; sourceTree = "<group>"; };
		CE9C38A52806D1DD008BD948 /* PUBTOOL_API.swift */ = {isa = PBXFileReference; lastKnownFileType = sourcecode.swift; path = PUBTOOL_API.swift; sourceTree = "<group>"; };
		CECCC42027BDDB95005F322B /* TestLoggerAsync.swift */ = {isa = PBXFileReference; lastKnownFileType = sourcecode.swift; path = TestLoggerAsync.swift; sourceTree = "<group>"; };
		CED471C72809BC2000A08303 /* USR_API.swift */ = {isa = PBXFileReference; lastKnownFileType = sourcecode.swift; path = USR_API.swift; sourceTree = "<group>"; };
		CED4F34828239E21001E8ECB /* CMS_API.swift */ = {isa = PBXFileReference; lastKnownFileType = sourcecode.swift; path = CMS_API.swift; sourceTree = "<group>"; };
		F61F2BA38F8B7C4A010D0F22 /* LICENSE */ = {isa = PBXFileReference; includeInIndex = 1; lastKnownFileType = text; name = LICENSE; path = ../LICENSE; sourceTree = "<group>"; };
/* End PBXFileReference section */

/* Begin PBXFrameworksBuildPhase section */
		607FACCD1AFB9204008FA782 /* Frameworks */ = {
			isa = PBXFrameworksBuildPhase;
			buildActionMask = 2147483647;
			files = (
				4B82057C55412BDA1271BE5E /* Pods_MikCore_Example.framework in Frameworks */,
			);
			runOnlyForDeploymentPostprocessing = 0;
		};
		607FACE21AFB9204008FA782 /* Frameworks */ = {
			isa = PBXFrameworksBuildPhase;
			buildActionMask = 2147483647;
			files = (
				91931198939C86A352A67B52 /* Pods_MikCore_Tests.framework in Frameworks */,
			);
			runOnlyForDeploymentPostprocessing = 0;
		};
/* End PBXFrameworksBuildPhase section */

/* Begin PBXGroup section */
		607FACC71AFB9204008FA782 = {
			isa = PBXGroup;
			children = (
				607FACF51AFB993E008FA782 /* Podspec Metadata */,
				607FACD21AFB9204008FA782 /* Example for MikCore */,
				607FACE81AFB9204008FA782 /* Tests */,
				607FACD11AFB9204008FA782 /* Products */,
				CA9A45036254E2B24A3725FF /* Pods */,
				6102130D1ACEE121230E205A /* Frameworks */,
			);
			sourceTree = "<group>";
		};
		607FACD11AFB9204008FA782 /* Products */ = {
			isa = PBXGroup;
			children = (
				607FACD01AFB9204008FA782 /* MikCore_Example.app */,
				607FACE51AFB9204008FA782 /* MikCore_Tests.xctest */,
			);
			name = Products;
			sourceTree = "<group>";
		};
		607FACD21AFB9204008FA782 /* Example for MikCore */ = {
			isa = PBXGroup;
			children = (
				607FACD51AFB9204008FA782 /* AppDelegate.swift */,
				CE681F6527A2284E008FC826 /* Test0ViewController.swift */,
				CE681F6227A2284D008FC826 /* Test1ViewController.swift */,
				607FACDC1AFB9204008FA782 /* Images.xcassets */,
				607FACDE1AFB9204008FA782 /* LaunchScreen.xib */,
				CE681F4127A2284D008FC826 /* Test0 */,
				CE681F5427A2284D008FC826 /* Test1 */,
				CE681F6327A2284D008FC826 /* MikTabBarController */,
				607FACD31AFB9204008FA782 /* Supporting Files */,
			);
			name = "Example for MikCore";
			path = MikCore;
			sourceTree = "<group>";
		};
		607FACD31AFB9204008FA782 /* Supporting Files */ = {
			isa = PBXGroup;
			children = (
				607FACD41AFB9204008FA782 /* Info.plist */,
			);
			name = "Supporting Files";
			sourceTree = "<group>";
		};
		607FACE81AFB9204008FA782 /* Tests */ = {
			isa = PBXGroup;
			children = (
				607FACEB1AFB9204008FA782 /* Tests.swift */,
				CECCC42027BDDB95005F322B /* TestLoggerAsync.swift */,
				607FACE91AFB9204008FA782 /* Supporting Files */,
			);
			path = Tests;
			sourceTree = "<group>";
		};
		607FACE91AFB9204008FA782 /* Supporting Files */ = {
			isa = PBXGroup;
			children = (
				607FACEA1AFB9204008FA782 /* Info.plist */,
			);
			name = "Supporting Files";
			sourceTree = "<group>";
		};
		607FACF51AFB993E008FA782 /* Podspec Metadata */ = {
			isa = PBXGroup;
			children = (
				6BEC432B83DE64D04C08D77A /* MikCore.podspec */,
				7B333C5C5AAF72CC8083CB50 /* README.md */,
				F61F2BA38F8B7C4A010D0F22 /* LICENSE */,
			);
			name = "Podspec Metadata";
			sourceTree = "<group>";
		};
		6102130D1ACEE121230E205A /* Frameworks */ = {
			isa = PBXGroup;
			children = (
				30839BE197D789BAEDECE89A /* Pods_MikCore_Example.framework */,
				952CB6D91A8CE2BE933B1455 /* Pods_MikCore_Tests.framework */,
			);
			name = Frameworks;
			sourceTree = "<group>";
		};
		CA9A45036254E2B24A3725FF /* Pods */ = {
			isa = PBXGroup;
			children = (
				5C14FA855F2EE3EB6C28E484 /* Pods-MikCore_Example.debug.xcconfig */,
				24C268FB8210AFDF59431F54 /* Pods-MikCore_Example.release.xcconfig */,
				AC31769154BC348E6D3C6764 /* Pods-MikCore_Tests.debug.xcconfig */,
				24243CFB5673E57CE07855D4 /* Pods-MikCore_Tests.release.xcconfig */,
			);
			path = Pods;
			sourceTree = "<group>";
		};
		CE681F4127A2284D008FC826 /* Test0 */ = {
			isa = PBXGroup;
			children = (
				CE7391202812B0E3008A3446 /* HTTPManagerTest */,
				CE681F4227A2284D008FC826 /* MikSwitchViewController.swift */,
				CE681F4327A2284D008FC826 /* MikNumberControlViewController.swift */,
				CE681F4427A2284D008FC826 /* MikEmptyViewController.swift */,
				CE681F4527A2284D008FC826 /* MikStarsViewViewController.swift */,
				CE681F4627A2284D008FC826 /* TestCalendarStyleViewController.swift */,
				CE681F4727A2284D008FC826 /* TestListContraintsViewController.swift */,
				CE681F4827A2284D008FC826 /* MikAlertViewViewController.swift */,
				CE681F4927A2284D008FC826 /* MikTextFieldFormatterViewViewController.swift */,
				CE681F4A27A2284D008FC826 /* MikImageViewViewController.swift */,
				CE681F4B27A2284D008FC826 /* MikLockSliderViewController.swift */,
				CE681F4C27A2284D008FC826 /* MikDotProgressViewViewController.swift */,
				CE681F4D27A2284D008FC826 /* MikToastViewController.swift */,
				CE681F4E27A2284D008FC826 /* MikPopoverViewViewController.swift */,
				CE681F4F27A2284D008FC826 /* MikCalendarViewController.swift */,
				CE681F5027A2284D008FC826 /* MikGrowTextViewViewController.swift */,
				CE681F5127A2284D008FC826 /* MikPickerTestViewController.swift */,
				CE681F5227A2284D008FC826 /* MikButtonViewController.swift */,
				CE681F5327A2284D008FC826 /* MikListContainerViewController.swift */,
				53A8862327F1575300872157 /* TestPopupHoverViewController.swift */,
			);
			path = Test0;
			sourceTree = "<group>";
		};
		CE681F5427A2284D008FC826 /* Test1 */ = {
			isa = PBXGroup;
			children = (
				CE681F5527A2284D008FC826 /* BottomButtonViewController.swift */,
				CE681F5627A2284D008FC826 /* DropBoxViewController.swift */,
				CE681F5727A2284D008FC826 /* StepViewController.swift */,
				CE681F5827A2284D008FC826 /* BottomPopController.swift */,
				CE681F5927A2284D008FC826 /* StarViewController.swift */,
				CE681F5A27A2284D008FC826 /* TestViewController.swift */,
				CE681F5B27A2284D008FC826 /* TestThreeViewController.swift */,
				CE681F5C27A2284D008FC826 /* MikOmitTextViewController.swift */,
				CE681F5D27A2284D008FC826 /* RefreshTableViewController.swift */,
				CE681F5E27A2284D008FC826 /* MikFilterViewController.swift */,
				CE681F5F27A2284D008FC826 /* TextViewController.swift */,
				CE681F6027A2284D008FC826 /* GuideViewController.swift */,
				CE681F6127A2284D008FC826 /* TestTwoViewController.swift */,
			);
			path = Test1;
			sourceTree = "<group>";
		};
		CE681F6327A2284D008FC826 /* MikTabBarController */ = {
			isa = PBXGroup;
			children = (
				CE681F6427A2284E008FC826 /* MikTabBarController.swift */,
			);
			path = MikTabBarController;
			sourceTree = "<group>";
		};
		CE7391202812B0E3008A3446 /* HTTPManagerTest */ = {
			isa = PBXGroup;
			children = (
				530FD6162819398A00EBC52C /* NetworkTestUtils.swift */,
				530FD628281A827500EBC52C /* TestAPIsViewController.swift */,
				CE9C38A32806AF80008BD948 /* TestHTTPManagerViewController.swift */,
				530FD61028190FD700EBC52C /* TestMIKAPIViewController.swift */,
				530FD626281A76DF00EBC52C /* TestQAAPIViewController.swift */,
				01D1CBFB2818E9290059D7DB /* TestWishlistsRequestViewController.swift */,
				01FA2297281940900027FF47 /* TestCPMRequestViewController.swift */,
				CE8F78E82818F1B800BD5DF5 /* TestSchHTTPManagerViewController.swift */,
				CE7391302817DEE0008A3446 /* API */,
				CE73912F2817DED3008A3446 /* Model */,
			);
			path = HTTPManagerTest;
			sourceTree = "<group>";
		};
		CE73912F2817DED3008A3446 /* Model */ = {
			isa = PBXGroup;
			children = (
				CE73912B2817D82F008A3446 /* SearchReturnBuyerListModel.swift */,
				CE7391212812B16C008A3446 /* GetPublickKeyModel.swift */,
				CE7391312817ECE7008A3446 /* WalletBankcardListModel.swift */,
				CE7391332817EEE6008A3446 /* WalletBankcardIdModel.swift */,
				CE7391352817F14F008A3446 /* WalletUpdateRequestModel.swift */,
				01D1CBFF281919CE0059D7DB /* WishModel.swift */,
				01FA2299281946030027FF47 /* CPMModel.swift */,
				CE7391392818D6DF008A3446 /* GiftCardModel.swift */,
				CE8F78EC28192CFF00BD5DF5 /* CategoryLandingModel.swift */,
				CE8F78EE2819325000BD5DF5 /* MenuNavTreeModel.swift */,
				CE8F78F0281936B900BD5DF5 /* MichaelsProductModel.swift */,
				CE8F78F228193CA300BD5DF5 /* MichaelsSkuModel.swift */,
				CE73913D28193A35008A3446 /* MoreProductModel.swift */,
				CE8F78F4281951E500BD5DF5 /* MichaelsStoreModel.swift */,
			);
			path = Model;
			sourceTree = "<group>";
		};
		CE7391302817DEE0008A3446 /* API */ = {
			isa = PBXGroup;
			children = (
				CE9C38A52806D1DD008BD948 /* PUBTOOL_API.swift */,
				CED471C72809BC2000A08303 /* USR_API.swift */,
				CE7391292817CA16008A3446 /* FIN_API.swift */,
				CE73912D2817DE90008A3446 /* MOH_RSC_API.swift */,
				530FD60E2819067C00EBC52C /* MIK_API.swift */,
				01D1CBFD2818E9F50059D7DB /* WISH_API.swift */,
				01FA229528193FF30027FF47 /* CPM_API.swift */,
				CE8F78EA2818F1F300BD5DF5 /* SCH_API.swift */,
				CE73913B28190EA9008A3446 /* FGM_API.swift */,
				530FD624281A694A00EBC52C /* QA_API.swift */,
				CED4F34828239E21001E8ECB /* CMS_API.swift */,
			);
			path = API;
			sourceTree = "<group>";
		};
/* End PBXGroup section */

/* Begin PBXNativeTarget section */
		607FACCF1AFB9204008FA782 /* MikCore_Example */ = {
			isa = PBXNativeTarget;
			buildConfigurationList = 607FACEF1AFB9204008FA782 /* Build configuration list for PBXNativeTarget "MikCore_Example" */;
			buildPhases = (
				2E8F1A9C66ADAA3744711453 /* [CP] Check Pods Manifest.lock */,
				607FACCC1AFB9204008FA782 /* Sources */,
				607FACCD1AFB9204008FA782 /* Frameworks */,
				607FACCE1AFB9204008FA782 /* Resources */,
				8B194790917079984C4766AC /* [CP] Embed Pods Frameworks */,
			);
			buildRules = (
			);
			dependencies = (
			);
			name = MikCore_Example;
			productName = MikCore;
			productReference = 607FACD01AFB9204008FA782 /* MikCore_Example.app */;
			productType = "com.apple.product-type.application";
		};
		607FACE41AFB9204008FA782 /* MikCore_Tests */ = {
			isa = PBXNativeTarget;
			buildConfigurationList = 607FACF21AFB9204008FA782 /* Build configuration list for PBXNativeTarget "MikCore_Tests" */;
			buildPhases = (
				02872D0F18EA45CC95A4AB49 /* [CP] Check Pods Manifest.lock */,
				607FACE11AFB9204008FA782 /* Sources */,
				607FACE21AFB9204008FA782 /* Frameworks */,
				607FACE31AFB9204008FA782 /* Resources */,
			);
			buildRules = (
			);
			dependencies = (
				607FACE71AFB9204008FA782 /* PBXTargetDependency */,
			);
			name = MikCore_Tests;
			productName = Tests;
			productReference = 607FACE51AFB9204008FA782 /* MikCore_Tests.xctest */;
			productType = "com.apple.product-type.bundle.unit-test";
		};
/* End PBXNativeTarget section */

/* Begin PBXProject section */
		607FACC81AFB9204008FA782 /* Project object */ = {
			isa = PBXProject;
			attributes = {
				LastSwiftUpdateCheck = 0830;
				LastUpgradeCheck = 1310;
				ORGANIZATIONNAME = CocoaPods;
				TargetAttributes = {
					607FACCF1AFB9204008FA782 = {
						CreatedOnToolsVersion = 6.3.1;
						DevelopmentTeam = 656W8T2CR9;
						LastSwiftMigration = 0900;
						ProvisioningStyle = Automatic;
					};
					607FACE41AFB9204008FA782 = {
						CreatedOnToolsVersion = 6.3.1;
						DevelopmentTeam = 656W8T2CR9;
						LastSwiftMigration = 0900;
						TestTargetID = 607FACCF1AFB9204008FA782;
					};
				};
			};
			buildConfigurationList = 607FACCB1AFB9204008FA782 /* Build configuration list for PBXProject "MikCore" */;
			compatibilityVersion = "Xcode 3.2";
			developmentRegion = English;
			hasScannedForEncodings = 0;
			knownRegions = (
				English,
				en,
				Base,
			);
			mainGroup = 607FACC71AFB9204008FA782;
			productRefGroup = 607FACD11AFB9204008FA782 /* Products */;
			projectDirPath = "";
			projectRoot = "";
			targets = (
				607FACCF1AFB9204008FA782 /* MikCore_Example */,
				607FACE41AFB9204008FA782 /* MikCore_Tests */,
			);
		};
/* End PBXProject section */

/* Begin PBXResourcesBuildPhase section */
		607FACCE1AFB9204008FA782 /* Resources */ = {
			isa = PBXResourcesBuildPhase;
			buildActionMask = 2147483647;
			files = (
				607FACE01AFB9204008FA782 /* LaunchScreen.xib in Resources */,
				607FACDD1AFB9204008FA782 /* Images.xcassets in Resources */,
			);
			runOnlyForDeploymentPostprocessing = 0;
		};
		607FACE31AFB9204008FA782 /* Resources */ = {
			isa = PBXResourcesBuildPhase;
			buildActionMask = 2147483647;
			files = (
			);
			runOnlyForDeploymentPostprocessing = 0;
		};
/* End PBXResourcesBuildPhase section */

/* Begin PBXShellScriptBuildPhase section */
		02872D0F18EA45CC95A4AB49 /* [CP] Check Pods Manifest.lock */ = {
			isa = PBXShellScriptBuildPhase;
			buildActionMask = 2147483647;
			files = (
			);
			inputFileListPaths = (
			);
			inputPaths = (
				"${PODS_PODFILE_DIR_PATH}/Podfile.lock",
				"${PODS_ROOT}/Manifest.lock",
			);
			name = "[CP] Check Pods Manifest.lock";
			outputFileListPaths = (
			);
			outputPaths = (
				"$(DERIVED_FILE_DIR)/Pods-MikCore_Tests-checkManifestLockResult.txt",
			);
			runOnlyForDeploymentPostprocessing = 0;
			shellPath = /bin/sh;
			shellScript = "diff \"${PODS_PODFILE_DIR_PATH}/Podfile.lock\" \"${PODS_ROOT}/Manifest.lock\" > /dev/null\nif [ $? != 0 ] ; then\n    # print error to STDERR\n    echo \"error: The sandbox is not in sync with the Podfile.lock. Run 'pod install' or update your CocoaPods installation.\" >&2\n    exit 1\nfi\n# This output is used by Xcode 'outputs' to avoid re-running this script phase.\necho \"SUCCESS\" > \"${SCRIPT_OUTPUT_FILE_0}\"\n";
			showEnvVarsInLog = 0;
		};
		2E8F1A9C66ADAA3744711453 /* [CP] Check Pods Manifest.lock */ = {
			isa = PBXShellScriptBuildPhase;
			buildActionMask = 2147483647;
			files = (
			);
			inputFileListPaths = (
			);
			inputPaths = (
				"${PODS_PODFILE_DIR_PATH}/Podfile.lock",
				"${PODS_ROOT}/Manifest.lock",
			);
			name = "[CP] Check Pods Manifest.lock";
			outputFileListPaths = (
			);
			outputPaths = (
				"$(DERIVED_FILE_DIR)/Pods-MikCore_Example-checkManifestLockResult.txt",
			);
			runOnlyForDeploymentPostprocessing = 0;
			shellPath = /bin/sh;
			shellScript = "diff \"${PODS_PODFILE_DIR_PATH}/Podfile.lock\" \"${PODS_ROOT}/Manifest.lock\" > /dev/null\nif [ $? != 0 ] ; then\n    # print error to STDERR\n    echo \"error: The sandbox is not in sync with the Podfile.lock. Run 'pod install' or update your CocoaPods installation.\" >&2\n    exit 1\nfi\n# This output is used by Xcode 'outputs' to avoid re-running this script phase.\necho \"SUCCESS\" > \"${SCRIPT_OUTPUT_FILE_0}\"\n";
			showEnvVarsInLog = 0;
		};
		8B194790917079984C4766AC /* [CP] Embed Pods Frameworks */ = {
			isa = PBXShellScriptBuildPhase;
			buildActionMask = 2147483647;
			files = (
			);
			inputPaths = (
				"${PODS_ROOT}/Target Support Files/Pods-MikCore_Example/Pods-MikCore_Example-frameworks.sh",
				"${BUILT_PRODUCTS_DIR}/ActiveLabel/ActiveLabel.framework",
				"${BUILT_PRODUCTS_DIR}/Alamofire/Alamofire.framework",
				"${BUILT_PRODUCTS_DIR}/DatadogSDK/Datadog.framework",
				"${BUILT_PRODUCTS_DIR}/FirebaseAuth/FirebaseAuth.framework",
				"${BUILT_PRODUCTS_DIR}/FirebaseCore/FirebaseCore.framework",
				"${BUILT_PRODUCTS_DIR}/FirebaseCoreDiagnostics/FirebaseCoreDiagnostics.framework",
				"${BUILT_PRODUCTS_DIR}/FirebaseCrashlytics/FirebaseCrashlytics.framework",
				"${BUILT_PRODUCTS_DIR}/FirebaseDynamicLinks/FirebaseDynamicLinks.framework",
				"${BUILT_PRODUCTS_DIR}/FirebaseInstallations/FirebaseInstallations.framework",
				"${BUILT_PRODUCTS_DIR}/FirebaseMessaging/FirebaseMessaging.framework",
				"${BUILT_PRODUCTS_DIR}/FirebaseStorage/FirebaseStorage.framework",
				"${BUILT_PRODUCTS_DIR}/GTMSessionFetcher/GTMSessionFetcher.framework",
				"${BUILT_PRODUCTS_DIR}/GoogleDataTransport/GoogleDataTransport.framework",
				"${BUILT_PRODUCTS_DIR}/GoogleUtilities/GoogleUtilities.framework",
				"${BUILT_PRODUCTS_DIR}/HandyJSON/HandyJSON.framework",
				"${BUILT_PRODUCTS_DIR}/JTAppleCalendar/JTAppleCalendar.framework",
				"${BUILT_PRODUCTS_DIR}/JXSegmentedView/JXSegmentedView.framework",
				"${BUILT_PRODUCTS_DIR}/Kingfisher/Kingfisher.framework",
				"${BUILT_PRODUCTS_DIR}/KingfisherWebP/KingfisherWebP.framework",
				"${BUILT_PRODUCTS_DIR}/Kronos/Kronos.framework",
				"${BUILT_PRODUCTS_DIR}/MJRefresh/MJRefresh.framework",
				"${BUILT_PRODUCTS_DIR}/MikCore/MikCore.framework",
				"${BUILT_PRODUCTS_DIR}/PromisesObjC/FBLPromises.framework",
				"${BUILT_PRODUCTS_DIR}/RxCocoa/RxCocoa.framework",
				"${BUILT_PRODUCTS_DIR}/RxRelay/RxRelay.framework",
				"${BUILT_PRODUCTS_DIR}/RxSwift/RxSwift.framework",
				"${BUILT_PRODUCTS_DIR}/SnapKit/SnapKit.framework",
				"${BUILT_PRODUCTS_DIR}/SwiftyJSON/SwiftyJSON.framework",
				"${BUILT_PRODUCTS_DIR}/ZLPhotoBrowser/ZLPhotoBrowser.framework",
				"${BUILT_PRODUCTS_DIR}/libwebp/libwebp.framework",
				"${BUILT_PRODUCTS_DIR}/nanopb/nanopb.framework",
			);
			name = "[CP] Embed Pods Frameworks";
			outputPaths = (
				"${TARGET_BUILD_DIR}/${FRAMEWORKS_FOLDER_PATH}/ActiveLabel.framework",
				"${TARGET_BUILD_DIR}/${FRAMEWORKS_FOLDER_PATH}/Alamofire.framework",
				"${TARGET_BUILD_DIR}/${FRAMEWORKS_FOLDER_PATH}/Datadog.framework",
				"${TARGET_BUILD_DIR}/${FRAMEWORKS_FOLDER_PATH}/FirebaseAuth.framework",
				"${TARGET_BUILD_DIR}/${FRAMEWORKS_FOLDER_PATH}/FirebaseCore.framework",
				"${TARGET_BUILD_DIR}/${FRAMEWORKS_FOLDER_PATH}/FirebaseCoreDiagnostics.framework",
				"${TARGET_BUILD_DIR}/${FRAMEWORKS_FOLDER_PATH}/FirebaseCrashlytics.framework",
				"${TARGET_BUILD_DIR}/${FRAMEWORKS_FOLDER_PATH}/FirebaseDynamicLinks.framework",
				"${TARGET_BUILD_DIR}/${FRAMEWORKS_FOLDER_PATH}/FirebaseInstallations.framework",
				"${TARGET_BUILD_DIR}/${FRAMEWORKS_FOLDER_PATH}/FirebaseMessaging.framework",
				"${TARGET_BUILD_DIR}/${FRAMEWORKS_FOLDER_PATH}/FirebaseStorage.framework",
				"${TARGET_BUILD_DIR}/${FRAMEWORKS_FOLDER_PATH}/GTMSessionFetcher.framework",
				"${TARGET_BUILD_DIR}/${FRAMEWORKS_FOLDER_PATH}/GoogleDataTransport.framework",
				"${TARGET_BUILD_DIR}/${FRAMEWORKS_FOLDER_PATH}/GoogleUtilities.framework",
				"${TARGET_BUILD_DIR}/${FRAMEWORKS_FOLDER_PATH}/HandyJSON.framework",
				"${TARGET_BUILD_DIR}/${FRAMEWORKS_FOLDER_PATH}/JTAppleCalendar.framework",
				"${TARGET_BUILD_DIR}/${FRAMEWORKS_FOLDER_PATH}/JXSegmentedView.framework",
				"${TARGET_BUILD_DIR}/${FRAMEWORKS_FOLDER_PATH}/Kingfisher.framework",
				"${TARGET_BUILD_DIR}/${FRAMEWORKS_FOLDER_PATH}/KingfisherWebP.framework",
				"${TARGET_BUILD_DIR}/${FRAMEWORKS_FOLDER_PATH}/Kronos.framework",
				"${TARGET_BUILD_DIR}/${FRAMEWORKS_FOLDER_PATH}/MJRefresh.framework",
				"${TARGET_BUILD_DIR}/${FRAMEWORKS_FOLDER_PATH}/MikCore.framework",
				"${TARGET_BUILD_DIR}/${FRAMEWORKS_FOLDER_PATH}/FBLPromises.framework",
				"${TARGET_BUILD_DIR}/${FRAMEWORKS_FOLDER_PATH}/RxCocoa.framework",
				"${TARGET_BUILD_DIR}/${FRAMEWORKS_FOLDER_PATH}/RxRelay.framework",
				"${TARGET_BUILD_DIR}/${FRAMEWORKS_FOLDER_PATH}/RxSwift.framework",
				"${TARGET_BUILD_DIR}/${FRAMEWORKS_FOLDER_PATH}/SnapKit.framework",
				"${TARGET_BUILD_DIR}/${FRAMEWORKS_FOLDER_PATH}/SwiftyJSON.framework",
				"${TARGET_BUILD_DIR}/${FRAMEWORKS_FOLDER_PATH}/ZLPhotoBrowser.framework",
				"${TARGET_BUILD_DIR}/${FRAMEWORKS_FOLDER_PATH}/libwebp.framework",
				"${TARGET_BUILD_DIR}/${FRAMEWORKS_FOLDER_PATH}/nanopb.framework",
			);
			runOnlyForDeploymentPostprocessing = 0;
			shellPath = /bin/sh;
			shellScript = "\"${PODS_ROOT}/Target Support Files/Pods-MikCore_Example/Pods-MikCore_Example-frameworks.sh\"\n";
			showEnvVarsInLog = 0;
		};
/* End PBXShellScriptBuildPhase section */

/* Begin PBXSourcesBuildPhase section */
		607FACCC1AFB9204008FA782 /* Sources */ = {
			isa = PBXSourcesBuildPhase;
			buildActionMask = 2147483647;
			files = (
				CE681F9627A2284E008FC826 /* RefreshTableViewController.swift in Sources */,
				530FD627281A76DF00EBC52C /* TestQAAPIViewController.swift in Sources */,
				CE681F9C27A2284E008FC826 /* MikTabBarController.swift in Sources */,
				530FD6172819398A00EBC52C /* NetworkTestUtils.swift in Sources */,
				CE681F9A27A2284E008FC826 /* TestTwoViewController.swift in Sources */,
				530FD61128190FD700EBC52C /* TestMIKAPIViewController.swift in Sources */,
				CE681F8B27A2284E008FC826 /* MikPickerTestViewController.swift in Sources */,
				CE73912C2817D82F008A3446 /* SearchReturnBuyerListModel.swift in Sources */,
				CE681F8927A2284E008FC826 /* MikCalendarViewController.swift in Sources */,
				CE8F78E92818F1B800BD5DF5 /* TestSchHTTPManagerViewController.swift in Sources */,
				CE73913A2818D6DF008A3446 /* GiftCardModel.swift in Sources */,
				CE681F8627A2284E008FC826 /* MikDotProgressViewViewController.swift in Sources */,
				CE681F9727A2284E008FC826 /* MikFilterViewController.swift in Sources */,
				CE681F9B27A2284E008FC826 /* Test1ViewController.swift in Sources */,
				CE681F9527A2284E008FC826 /* MikOmitTextViewController.swift in Sources */,
				CE73913C28190EA9008A3446 /* FGM_API.swift in Sources */,
				CE681F7D27A2284E008FC826 /* MikNumberControlViewController.swift in Sources */,
				CE681F8227A2284E008FC826 /* MikAlertViewViewController.swift in Sources */,
				CE8F78F5281951E500BD5DF5 /* MichaelsStoreModel.swift in Sources */,
				CE73912E2817DE90008A3446 /* MOH_RSC_API.swift in Sources */,
				CE681F8A27A2284E008FC826 /* MikGrowTextViewViewController.swift in Sources */,
				CE681F8027A2284E008FC826 /* TestCalendarStyleViewController.swift in Sources */,
				01D1CC00281919CE0059D7DB /* WishModel.swift in Sources */,
				CE681F8D27A2284E008FC826 /* MikListContainerViewController.swift in Sources */,
				01FA229628193FF30027FF47 /* CPM_API.swift in Sources */,
				CE8F78EB2818F1F300BD5DF5 /* SCH_API.swift in Sources */,
				CE8F78F1281936B900BD5DF5 /* MichaelsProductModel.swift in Sources */,
				CED4F34928239E21001E8ECB /* CMS_API.swift in Sources */,
				CE681F8C27A2284E008FC826 /* MikButtonViewController.swift in Sources */,
				CE681F8727A2284E008FC826 /* MikToastViewController.swift in Sources */,
				01FA2298281940900027FF47 /* TestCPMRequestViewController.swift in Sources */,
				CE681F7F27A2284E008FC826 /* MikStarsViewViewController.swift in Sources */,
				CE73913E28193A35008A3446 /* MoreProductModel.swift in Sources */,
				607FACD61AFB9204008FA782 /* AppDelegate.swift in Sources */,
				CE681F8427A2284E008FC826 /* MikImageViewViewController.swift in Sources */,
				CE681F9927A2284E008FC826 /* GuideViewController.swift in Sources */,
				CE681F9027A2284E008FC826 /* StepViewController.swift in Sources */,
				CE73912A2817CA16008A3446 /* FIN_API.swift in Sources */,
				CE8F78EF2819325000BD5DF5 /* MenuNavTreeModel.swift in Sources */,
				CE8F78ED28192CFF00BD5DF5 /* CategoryLandingModel.swift in Sources */,
				CE8F78F328193CA300BD5DF5 /* MichaelsSkuModel.swift in Sources */,
				CE681F9127A2284E008FC826 /* BottomPopController.swift in Sources */,
				CE681F9327A2284E008FC826 /* TestViewController.swift in Sources */,
				CE7391342817EEE6008A3446 /* WalletBankcardIdModel.swift in Sources */,
				CE7391222812B16C008A3446 /* GetPublickKeyModel.swift in Sources */,
				CE681F8F27A2284E008FC826 /* DropBoxViewController.swift in Sources */,
				CE9C38A62806D1DD008BD948 /* PUBTOOL_API.swift in Sources */,
				CE681F9D27A2284E008FC826 /* Test0ViewController.swift in Sources */,
				53A8862427F1575300872157 /* TestPopupHoverViewController.swift in Sources */,
				01D1CBFE2818E9F50059D7DB /* WISH_API.swift in Sources */,
				01D1CBFC2818E9290059D7DB /* TestWishlistsRequestViewController.swift in Sources */,
				CE681F7C27A2284E008FC826 /* MikSwitchViewController.swift in Sources */,
				CE7391322817ECE7008A3446 /* WalletBankcardListModel.swift in Sources */,
				CE681F9427A2284E008FC826 /* TestThreeViewController.swift in Sources */,
				CE9C38A42806AF80008BD948 /* TestHTTPManagerViewController.swift in Sources */,
				CE681F9827A2284E008FC826 /* TextViewController.swift in Sources */,
				01FA229A281946030027FF47 /* CPMModel.swift in Sources */,
				CE7391362817F14F008A3446 /* WalletUpdateRequestModel.swift in Sources */,
				CE681F7E27A2284E008FC826 /* MikEmptyViewController.swift in Sources */,
				530FD60F2819067C00EBC52C /* MIK_API.swift in Sources */,
				CE681F8127A2284E008FC826 /* TestListContraintsViewController.swift in Sources */,
				CE681F8327A2284E008FC826 /* MikTextFieldFormatterViewViewController.swift in Sources */,
				530FD625281A694A00EBC52C /* QA_API.swift in Sources */,
				CE681F8527A2284E008FC826 /* MikLockSliderViewController.swift in Sources */,
				CE681F8E27A2284E008FC826 /* BottomButtonViewController.swift in Sources */,
				CED471C82809BC2000A08303 /* USR_API.swift in Sources */,
				530FD629281A827500EBC52C /* TestAPIsViewController.swift in Sources */,
				CE681F9227A2284E008FC826 /* StarViewController.swift in Sources */,
				CE681F8827A2284E008FC826 /* MikPopoverViewViewController.swift in Sources */,
			);
			runOnlyForDeploymentPostprocessing = 0;
		};
		607FACE11AFB9204008FA782 /* Sources */ = {
			isa = PBXSourcesBuildPhase;
			buildActionMask = 2147483647;
			files = (
				CECCC42127BDDB95005F322B /* TestLoggerAsync.swift in Sources */,
				607FACEC1AFB9204008FA782 /* Tests.swift in Sources */,
			);
			runOnlyForDeploymentPostprocessing = 0;
		};
/* End PBXSourcesBuildPhase section */

/* Begin PBXTargetDependency section */
		607FACE71AFB9204008FA782 /* PBXTargetDependency */ = {
			isa = PBXTargetDependency;
			target = 607FACCF1AFB9204008FA782 /* MikCore_Example */;
			targetProxy = 607FACE61AFB9204008FA782 /* PBXContainerItemProxy */;
		};
/* End PBXTargetDependency section */

/* Begin PBXVariantGroup section */
		607FACDE1AFB9204008FA782 /* LaunchScreen.xib */ = {
			isa = PBXVariantGroup;
			children = (
				607FACDF1AFB9204008FA782 /* Base */,
			);
			name = LaunchScreen.xib;
			sourceTree = "<group>";
		};
/* End PBXVariantGroup section */

/* Begin XCBuildConfiguration section */
		607FACED1AFB9204008FA782 /* Debug */ = {
			isa = XCBuildConfiguration;
			buildSettings = {
				ALWAYS_SEARCH_USER_PATHS = NO;
				CLANG_ANALYZER_LOCALIZABILITY_NONLOCALIZED = YES;
				CLANG_CXX_LANGUAGE_STANDARD = "gnu++0x";
				CLANG_CXX_LIBRARY = "libc++";
				CLANG_ENABLE_MODULES = YES;
				CLANG_ENABLE_OBJC_ARC = YES;
				CLANG_WARN_BLOCK_CAPTURE_AUTORELEASING = YES;
				CLANG_WARN_BOOL_CONVERSION = YES;
				CLANG_WARN_COMMA = YES;
				CLANG_WARN_CONSTANT_CONVERSION = YES;
				CLANG_WARN_DEPRECATED_OBJC_IMPLEMENTATIONS = YES;
				CLANG_WARN_DIRECT_OBJC_ISA_USAGE = YES_ERROR;
				CLANG_WARN_EMPTY_BODY = YES;
				CLANG_WARN_ENUM_CONVERSION = YES;
				CLANG_WARN_INFINITE_RECURSION = YES;
				CLANG_WARN_INT_CONVERSION = YES;
				CLANG_WARN_NON_LITERAL_NULL_CONVERSION = YES;
				CLANG_WARN_OBJC_IMPLICIT_RETAIN_SELF = YES;
				CLANG_WARN_OBJC_LITERAL_CONVERSION = YES;
				CLANG_WARN_OBJC_ROOT_CLASS = YES_ERROR;
				CLANG_WARN_QUOTED_INCLUDE_IN_FRAMEWORK_HEADER = YES;
				CLANG_WARN_RANGE_LOOP_ANALYSIS = YES;
				CLANG_WARN_STRICT_PROTOTYPES = YES;
				CLANG_WARN_SUSPICIOUS_MOVE = YES;
				CLANG_WARN_UNREACHABLE_CODE = YES;
				CLANG_WARN__DUPLICATE_METHOD_MATCH = YES;
				"CODE_SIGN_IDENTITY[sdk=iphoneos*]" = "iPhone Developer";
				COPY_PHASE_STRIP = NO;
				DEBUG_INFORMATION_FORMAT = "dwarf-with-dsym";
				ENABLE_STRICT_OBJC_MSGSEND = YES;
				ENABLE_TESTABILITY = YES;
				GCC_C_LANGUAGE_STANDARD = gnu99;
				GCC_DYNAMIC_NO_PIC = NO;
				GCC_NO_COMMON_BLOCKS = YES;
				GCC_OPTIMIZATION_LEVEL = 0;
				GCC_PREPROCESSOR_DEFINITIONS = (
					"DEBUG=1",
					"$(inherited)",
				);
				GCC_SYMBOLS_PRIVATE_EXTERN = NO;
				GCC_WARN_64_TO_32_BIT_CONVERSION = YES;
				GCC_WARN_ABOUT_RETURN_TYPE = YES_ERROR;
				GCC_WARN_UNDECLARED_SELECTOR = YES;
				GCC_WARN_UNINITIALIZED_AUTOS = YES_AGGRESSIVE;
				GCC_WARN_UNUSED_FUNCTION = YES;
				GCC_WARN_UNUSED_VARIABLE = YES;
				IPHONEOS_DEPLOYMENT_TARGET = 13.0;
				MTL_ENABLE_DEBUG_INFO = YES;
				ONLY_ACTIVE_ARCH = YES;
				SDKROOT = iphoneos;
				SWIFT_OPTIMIZATION_LEVEL = "-Onone";
			};
			name = Debug;
		};
		607FACEE1AFB9204008FA782 /* Release */ = {
			isa = XCBuildConfiguration;
			buildSettings = {
				ALWAYS_SEARCH_USER_PATHS = NO;
				CLANG_ANALYZER_LOCALIZABILITY_NONLOCALIZED = YES;
				CLANG_CXX_LANGUAGE_STANDARD = "gnu++0x";
				CLANG_CXX_LIBRARY = "libc++";
				CLANG_ENABLE_MODULES = YES;
				CLANG_ENABLE_OBJC_ARC = YES;
				CLANG_WARN_BLOCK_CAPTURE_AUTORELEASING = YES;
				CLANG_WARN_BOOL_CONVERSION = YES;
				CLANG_WARN_COMMA = YES;
				CLANG_WARN_CONSTANT_CONVERSION = YES;
				CLANG_WARN_DEPRECATED_OBJC_IMPLEMENTATIONS = YES;
				CLANG_WARN_DIRECT_OBJC_ISA_USAGE = YES_ERROR;
				CLANG_WARN_EMPTY_BODY = YES;
				CLANG_WARN_ENUM_CONVERSION = YES;
				CLANG_WARN_INFINITE_RECURSION = YES;
				CLANG_WARN_INT_CONVERSION = YES;
				CLANG_WARN_NON_LITERAL_NULL_CONVERSION = YES;
				CLANG_WARN_OBJC_IMPLICIT_RETAIN_SELF = YES;
				CLANG_WARN_OBJC_LITERAL_CONVERSION = YES;
				CLANG_WARN_OBJC_ROOT_CLASS = YES_ERROR;
				CLANG_WARN_QUOTED_INCLUDE_IN_FRAMEWORK_HEADER = YES;
				CLANG_WARN_RANGE_LOOP_ANALYSIS = YES;
				CLANG_WARN_STRICT_PROTOTYPES = YES;
				CLANG_WARN_SUSPICIOUS_MOVE = YES;
				CLANG_WARN_UNREACHABLE_CODE = YES;
				CLANG_WARN__DUPLICATE_METHOD_MATCH = YES;
				"CODE_SIGN_IDENTITY[sdk=iphoneos*]" = "iPhone Developer";
				COPY_PHASE_STRIP = NO;
				DEBUG_INFORMATION_FORMAT = "dwarf-with-dsym";
				ENABLE_NS_ASSERTIONS = NO;
				ENABLE_STRICT_OBJC_MSGSEND = YES;
				GCC_C_LANGUAGE_STANDARD = gnu99;
				GCC_NO_COMMON_BLOCKS = YES;
				GCC_WARN_64_TO_32_BIT_CONVERSION = YES;
				GCC_WARN_ABOUT_RETURN_TYPE = YES_ERROR;
				GCC_WARN_UNDECLARED_SELECTOR = YES;
				GCC_WARN_UNINITIALIZED_AUTOS = YES_AGGRESSIVE;
				GCC_WARN_UNUSED_FUNCTION = YES;
				GCC_WARN_UNUSED_VARIABLE = YES;
				IPHONEOS_DEPLOYMENT_TARGET = 13.0;
				MTL_ENABLE_DEBUG_INFO = NO;
				SDKROOT = iphoneos;
				SWIFT_OPTIMIZATION_LEVEL = "-Owholemodule";
				VALIDATE_PRODUCT = YES;
			};
			name = Release;
		};
		607FACF01AFB9204008FA782 /* Debug */ = {
			isa = XCBuildConfiguration;
			baseConfigurationReference = 5C14FA855F2EE3EB6C28E484 /* Pods-MikCore_Example.debug.xcconfig */;
			buildSettings = {
				ASSETCATALOG_COMPILER_APPICON_NAME = AppIcon;
				CODE_SIGN_IDENTITY = "Apple Development";
				CODE_SIGN_STYLE = Automatic;
				DEVELOPMENT_TEAM = 656W8T2CR9;
				INFOPLIST_FILE = MikCore/Info.plist;
				IPHONEOS_DEPLOYMENT_TARGET = 13.0;
				LD_RUNPATH_SEARCH_PATHS = "$(inherited) @executable_path/Frameworks";
				MODULE_NAME = ExampleApp;
				PRODUCT_BUNDLE_IDENTIFIER = com.xh.MikCore;
				PRODUCT_NAME = "$(TARGET_NAME)";
				PROVISIONING_PROFILE_SPECIFIER = "";
				SWIFT_VERSION = 5.0;
				TARGETED_DEVICE_FAMILY = "1,2";
			};
			name = Debug;
		};
		607FACF11AFB9204008FA782 /* Release */ = {
			isa = XCBuildConfiguration;
			baseConfigurationReference = 24C268FB8210AFDF59431F54 /* Pods-MikCore_Example.release.xcconfig */;
			buildSettings = {
				ASSETCATALOG_COMPILER_APPICON_NAME = AppIcon;
				CODE_SIGN_IDENTITY = "Apple Development";
				CODE_SIGN_STYLE = Automatic;
				DEVELOPMENT_TEAM = 656W8T2CR9;
				INFOPLIST_FILE = MikCore/Info.plist;
				IPHONEOS_DEPLOYMENT_TARGET = 13.0;
				LD_RUNPATH_SEARCH_PATHS = "$(inherited) @executable_path/Frameworks";
				MODULE_NAME = ExampleApp;
				PRODUCT_BUNDLE_IDENTIFIER = com.xh.MikCore;
				PRODUCT_NAME = "$(TARGET_NAME)";
				PROVISIONING_PROFILE_SPECIFIER = "";
				SWIFT_VERSION = 5.0;
				TARGETED_DEVICE_FAMILY = "1,2";
			};
			name = Release;
		};
		607FACF31AFB9204008FA782 /* Debug */ = {
			isa = XCBuildConfiguration;
			baseConfigurationReference = AC31769154BC348E6D3C6764 /* Pods-MikCore_Tests.debug.xcconfig */;
			buildSettings = {
				DEVELOPMENT_TEAM = 656W8T2CR9;
				FRAMEWORK_SEARCH_PATHS = (
					"$(PLATFORM_DIR)/Developer/Library/Frameworks",
					"$(inherited)",
				);
				GCC_PREPROCESSOR_DEFINITIONS = (
					"DEBUG=1",
					"$(inherited)",
				);
				INFOPLIST_FILE = Tests/Info.plist;
				LD_RUNPATH_SEARCH_PATHS = "$(inherited) @executable_path/Frameworks @loader_path/Frameworks";
				PRODUCT_BUNDLE_IDENTIFIER = "org.cocoapods.$(PRODUCT_NAME:rfc1034identifier)";
				PRODUCT_NAME = "$(TARGET_NAME)";
				SWIFT_SWIFT3_OBJC_INFERENCE = Default;
				SWIFT_VERSION = 5.0;
				TEST_HOST = "$(BUILT_PRODUCTS_DIR)/MikCore_Example.app/MikCore_Example";
			};
			name = Debug;
		};
		607FACF41AFB9204008FA782 /* Release */ = {
			isa = XCBuildConfiguration;
			baseConfigurationReference = 24243CFB5673E57CE07855D4 /* Pods-MikCore_Tests.release.xcconfig */;
			buildSettings = {
				DEVELOPMENT_TEAM = 656W8T2CR9;
				FRAMEWORK_SEARCH_PATHS = (
					"$(PLATFORM_DIR)/Developer/Library/Frameworks",
					"$(inherited)",
				);
				INFOPLIST_FILE = Tests/Info.plist;
				LD_RUNPATH_SEARCH_PATHS = "$(inherited) @executable_path/Frameworks @loader_path/Frameworks";
				PRODUCT_BUNDLE_IDENTIFIER = "org.cocoapods.$(PRODUCT_NAME:rfc1034identifier)";
				PRODUCT_NAME = "$(TARGET_NAME)";
				SWIFT_SWIFT3_OBJC_INFERENCE = Default;
				SWIFT_VERSION = 5.0;
				TEST_HOST = "$(BUILT_PRODUCTS_DIR)/MikCore_Example.app/MikCore_Example";
			};
			name = Release;
		};
/* End XCBuildConfiguration section */

/* Begin XCConfigurationList section */
		607FACCB1AFB9204008FA782 /* Build configuration list for PBXProject "MikCore" */ = {
			isa = XCConfigurationList;
			buildConfigurations = (
				607FACED1AFB9204008FA782 /* Debug */,
				607FACEE1AFB9204008FA782 /* Release */,
			);
			defaultConfigurationIsVisible = 0;
			defaultConfigurationName = Release;
		};
		607FACEF1AFB9204008FA782 /* Build configuration list for PBXNativeTarget "MikCore_Example" */ = {
			isa = XCConfigurationList;
			buildConfigurations = (
				607FACF01AFB9204008FA782 /* Debug */,
				607FACF11AFB9204008FA782 /* Release */,
			);
			defaultConfigurationIsVisible = 0;
			defaultConfigurationName = Release;
		};
		607FACF21AFB9204008FA782 /* Build configuration list for PBXNativeTarget "MikCore_Tests" */ = {
			isa = XCConfigurationList;
			buildConfigurations = (
				607FACF31AFB9204008FA782 /* Debug */,
				607FACF41AFB9204008FA782 /* Release */,
			);
			defaultConfigurationIsVisible = 0;
			defaultConfigurationName = Release;
		};
/* End XCConfigurationList section */
	};
	rootObject = 607FACC81AFB9204008FA782 /* Project object */;
}
